
Microsoft Visual Studio Solution File, Format Version 12.00
# Visual Studio Version 16
VisualStudioVersion = 16.0.30330.147
MinimumVisualStudioVersion = 10.0.40219.1
Project("{FAE04EC0-301F-11D3-BF4B-00C04F79EFBC}") = "MarsRoversAssessment", "MarsRoversAssessment\MarsRoversAssessment.csproj", "{A573063F-4C28-47E9-9C6D-28A4F135869E}"
EndProject
Project("{FAE04EC0-301F-11D3-BF4B-00C04F79EFBC}") = "MarsRoversAssessment.Test", "MarsRoversAssessment.Test\MarsRoversAssessment.Test.csproj", "{EB51599F-72E1-4934-A034-3297829D48B5}"
EndProject
Global
	GlobalSection(SolutionConfigurationPlatforms) = preSolution
		Debug|Any CPU = Debug|Any CPU
		Release|Any CPU = Release|Any CPU
	EndGlobalSection
	GlobalSection(ProjectConfigurationPlatforms) = postSolution
		{A573063F-4C28-47E9-9C6D-28A4F135869E}.Debug|Any CPU.ActiveCfg = Debug|Any CPU
		{A573063F-4C28-47E9-9C6D-28A4F135869E}.Debug|Any CPU.Build.0 = Debug|Any CPU
		{A573063F-4C28-47E9-9C6D-28A4F135869E}.Release|Any CPU.ActiveCfg = Release|Any CPU
		{A573063F-4C28-47E9-9C6D-28A4F135869E}.Release|Any CPU.Build.0 = Release|Any CPU
		{EB51599F-72E1-4934-A034-3297829D48B5}.Debug|Any CPU.ActiveCfg = Debug|Any CPU
		{EB51599F-72E1-4934-A034-3297829D48B5}.Debug|Any CPU.Build.0 = Debug|Any CPU
		{EB51599F-72E1-4934-A034-3297829D48B5}.Release|Any CPU.ActiveCfg = Release|Any CPU
		{EB51599F-72E1-4934-A034-3297829D48B5}.Release|Any CPU.Build.0 = Release|Any CPU
	EndGlobalSection
	GlobalSection(SolutionProperties) = preSolution
		HideSolutionNode = FALSE
	EndGlobalSection
	GlobalSection(ExtensibilityGlobals) = postSolution
		SolutionGuid = {1B5D67DC-1EED-4F56-AC82-757BE058198F}
	EndGlobalSection
EndGlobal
